
Microsoft Visual Studio Solution File, Format Version 12.00
# Visual Studio Version 16
VisualStudioVersion = 16.0.31829.152
MinimumVisualStudioVersion = 10.0.40219.1
Project("{FAE04EC0-301F-11D3-BF4B-00C04F79EFBC}") = "Listas", "Listas\Listas.csproj", "{F5DC1135-C275-4289-92F0-2493985C5C26}"
EndProject
Project("{FAE04EC0-301F-11D3-BF4B-00C04F79EFBC}") = "ForEach", "ForEach\ForEach.csproj", "{57A4A01A-DC8E-414D-84CB-8BC19FD3DFA3}"
EndProject
Project("{FAE04EC0-301F-11D3-BF4B-00C04F79EFBC}") = "ListCommonMethods", "ListCommonMethods\ListCommonMethods.csproj", "{45B1BEB7-03E6-48A0-8865-77B5043216C9}"
EndProject
Global
	GlobalSection(SolutionConfigurationPlatforms) = preSolution
		Debug|Any CPU = Debug|Any CPU
		Release|Any CPU = Release|Any CPU
	EndGlobalSection
	GlobalSection(ProjectConfigurationPlatforms) = postSolution
		{F5DC1135-C275-4289-92F0-2493985C5C26}.Debug|Any CPU.ActiveCfg = Debug|Any CPU
		{F5DC1135-C275-4289-92F0-2493985C5C26}.Debug|Any CPU.Build.0 = Debug|Any CPU
		{F5DC1135-C275-4289-92F0-2493985C5C26}.Release|Any CPU.ActiveCfg = Release|Any CPU
		{F5DC1135-C275-4289-92F0-2493985C5C26}.Release|Any CPU.Build.0 = Release|Any CPU
		{57A4A01A-DC8E-414D-84CB-8BC19FD3DFA3}.Debug|Any CPU.ActiveCfg = Debug|Any CPU
		{57A4A01A-DC8E-414D-84CB-8BC19FD3DFA3}.Debug|Any CPU.Build.0 = Debug|Any CPU
		{57A4A01A-DC8E-414D-84CB-8BC19FD3DFA3}.Release|Any CPU.ActiveCfg = Release|Any CPU
		{57A4A01A-DC8E-414D-84CB-8BC19FD3DFA3}.Release|Any CPU.Build.0 = Release|Any CPU
		{45B1BEB7-03E6-48A0-8865-77B5043216C9}.Debug|Any CPU.ActiveCfg = Debug|Any CPU
		{45B1BEB7-03E6-48A0-8865-77B5043216C9}.Debug|Any CPU.Build.0 = Debug|Any CPU
		{45B1BEB7-03E6-48A0-8865-77B5043216C9}.Release|Any CPU.ActiveCfg = Release|Any CPU
		{45B1BEB7-03E6-48A0-8865-77B5043216C9}.Release|Any CPU.Build.0 = Release|Any CPU
	EndGlobalSection
	GlobalSection(SolutionProperties) = preSolution
		HideSolutionNode = FALSE
	EndGlobalSection
	GlobalSection(ExtensibilityGlobals) = postSolution
		SolutionGuid = {6D8115FE-1AF9-4309-9793-80D829A09C6D}
	EndGlobalSection
EndGlobal
